
Microsoft Visual Studio Solution File, Format Version 12.00
# Visual Studio Version 16
VisualStudioVersion = 16.0.29306.81
MinimumVisualStudioVersion = 10.0.40219.1
Project("{FAE04EC0-301F-11D3-BF4B-00C04F79EFBC}") = "Tabungan_GUI", "Tabungan_GUI.csproj", "{6CBB823E-31E4-4100-B356-28917EF689DA}"
EndProject
Global
	GlobalSection(SolutionConfigurationPlatforms) = preSolution
		Debug|Any CPU = Debug|Any CPU
		Release|Any CPU = Release|Any CPU
	EndGlobalSection
	GlobalSection(ProjectConfigurationPlatforms) = postSolution
		{6CBB823E-31E4-4100-B356-28917EF689DA}.Debug|Any CPU.ActiveCfg = Debug|Any CPU
		{6CBB823E-31E4-4100-B356-28917EF689DA}.Debug|Any CPU.Build.0 = Debug|Any CPU
		{6CBB823E-31E4-4100-B356-28917EF689DA}.Release|Any CPU.ActiveCfg = Release|Any CPU
		{6CBB823E-31E4-4100-B356-28917EF689DA}.Release|Any CPU.Build.0 = Release|Any CPU
	EndGlobalSection
	GlobalSection(SolutionProperties) = preSolution
		HideSolutionNode = FALSE
	EndGlobalSection
	GlobalSection(ExtensibilityGlobals) = postSolution
		SolutionGuid = {0CD63D26-388E-443C-AF8C-0E3D523D06AA}
	EndGlobalSection
EndGlobal
